{
    "version": 3,
    "terraform_version": "0.11.2",
    "serial": 5,
    "lineage": "adb11f45-4b1f-4669-be2c-49e180d114ce",
    "modules": [
        {
            "path": [
                "root"
            ],
            "outputs": {},
            "resources": {
                "aws_internet_gateway.default": {
                    "type": "aws_internet_gateway",
                    "depends_on": [
                        "aws_vpc.default"
                    ],
                    "primary": {
                        "id": "igw-f03de596",
                        "attributes": {
                            "id": "igw-f03de596",
                            "tags.%": "2",
                            "tags.Name": "Default GW",
                            "tags.env": "PROD",
                            "vpc_id": "vpc-f85cf081"
                        },
                        "meta": {},
                        "tainted": false
                    },
                    "deposed": [],
                    "provider": "provider.aws"
                },
                "aws_key_pair.jlowry": {
                    "type": "aws_key_pair",
                    "depends_on": [],
                    "primary": {
                        "id": "John Lowry",
                        "attributes": {
                            "fingerprint": "00:7a:d9:32:14:1d:67:c8:56:5b:7d:2d:a1:b4:f8:38",
                            "id": "John Lowry",
                            "key_name": "John Lowry",
                            "public_key": "ssh-rsa AAAAB3NzaC1yc2EAAAADAQABAAABAQCc9cC2xs+EU8awpCf6eAY7S9IGqL6/r1LpV3r5Lo1NCE9gTPofk+ACMKhxnLRxUdqGs0aMA9k1HngJ5oE5PKp9DkE9ZIjryG7UhPfrvsTnU0Ak+Ltx0cXy/1NoWmMDSckCBdeqONRaxdi9kz6H3DCMeQD8Xu5KafWTlbLgdJveEaEDbWlKF0smpvKieeCW+iBjcqA2ZusDvaBKHQRa4CpcSWiI+fsoJXYItZXZFmNYmDiNL9P1bzwa7MSnHN7gRU2yJy6J3Mil69p3bKI347pxbBVUMBT2bSbj/OP6nr6yP85JF8jlJl7XekabqtRNnDW6rOGApufh/4etCh2yBOQ9"
                        },
                        "meta": {
                            "schema_version": "1"
                        },
                        "tainted": false
                    },
                    "deposed": [],
                    "provider": "provider.aws"
                },
                "aws_route.internet_access": {
                    "type": "aws_route",
                    "depends_on": [
                        "aws_internet_gateway.default",
                        "aws_vpc.default"
                    ],
                    "primary": {
                        "id": "r-rtb-312cef491080289494",
                        "attributes": {
                            "destination_cidr_block": "0.0.0.0/0",
                            "destination_prefix_list_id": "",
                            "egress_only_gateway_id": "",
                            "gateway_id": "igw-f03de596",
                            "id": "r-rtb-312cef491080289494",
                            "instance_id": "",
                            "instance_owner_id": "",
                            "nat_gateway_id": "",
                            "network_interface_id": "",
                            "origin": "CreateRoute",
                            "route_table_id": "rtb-312cef49",
                            "state": "active",
                            "vpc_peering_connection_id": ""
                        },
                        "meta": {},
                        "tainted": false
                    },
                    "deposed": [],
                    "provider": "provider.aws"
                },
                "aws_security_group.basic": {
                    "type": "aws_security_group",
                    "depends_on": [
                        "aws_security_group.bastionhost",
                        "aws_vpc.default"
                    ],
                    "primary": {
                        "id": "sg-c89562b7",
                        "attributes": {
                            "description": "Basic Security Group",
                            "egress.#": "2",
                            "egress.2214680975.cidr_blocks.#": "1",
                            "egress.2214680975.cidr_blocks.0": "0.0.0.0/0",
                            "egress.2214680975.description": "",
                            "egress.2214680975.from_port": "80",
                            "egress.2214680975.ipv6_cidr_blocks.#": "0",
                            "egress.2214680975.prefix_list_ids.#": "0",
                            "egress.2214680975.protocol": "tcp",
                            "egress.2214680975.security_groups.#": "0",
                            "egress.2214680975.self": "false",
                            "egress.2214680975.to_port": "80",
                            "egress.2617001939.cidr_blocks.#": "1",
                            "egress.2617001939.cidr_blocks.0": "0.0.0.0/0",
                            "egress.2617001939.description": "",
                            "egress.2617001939.from_port": "443",
                            "egress.2617001939.ipv6_cidr_blocks.#": "0",
                            "egress.2617001939.prefix_list_ids.#": "0",
                            "egress.2617001939.protocol": "tcp",
                            "egress.2617001939.security_groups.#": "0",
                            "egress.2617001939.self": "false",
                            "egress.2617001939.to_port": "443",
                            "id": "sg-c89562b7",
                            "ingress.#": "3",
                            "ingress.3068409405.cidr_blocks.#": "1",
                            "ingress.3068409405.cidr_blocks.0": "0.0.0.0/0",
                            "ingress.3068409405.description": "",
                            "ingress.3068409405.from_port": "8",
                            "ingress.3068409405.ipv6_cidr_blocks.#": "0",
                            "ingress.3068409405.protocol": "icmp",
                            "ingress.3068409405.security_groups.#": "0",
                            "ingress.3068409405.self": "false",
                            "ingress.3068409405.to_port": "0",
                            "ingress.429329781.cidr_blocks.#": "0",
                            "ingress.429329781.description": "",
                            "ingress.429329781.from_port": "22",
                            "ingress.429329781.ipv6_cidr_blocks.#": "0",
                            "ingress.429329781.protocol": "tcp",
                            "ingress.429329781.security_groups.#": "1",
                            "ingress.429329781.security_groups.2950728807": "sg-ee966191",
                            "ingress.429329781.self": "false",
                            "ingress.429329781.to_port": "22",
                            "ingress.516175195.cidr_blocks.#": "1",
                            "ingress.516175195.cidr_blocks.0": "0.0.0.0/0",
                            "ingress.516175195.description": "",
                            "ingress.516175195.from_port": "8080",
                            "ingress.516175195.ipv6_cidr_blocks.#": "0",
                            "ingress.516175195.protocol": "tcp",
                            "ingress.516175195.security_groups.#": "0",
                            "ingress.516175195.self": "false",
                            "ingress.516175195.to_port": "8080",
                            "name": "basic",
                            "owner_id": "658733679247",
                            "revoke_rules_on_delete": "false",
                            "tags.%": "2",
                            "tags.Name": "basic",
                            "tags.env": "PROD",
                            "vpc_id": "vpc-f85cf081"
                        },
                        "meta": {
                            "schema_version": "1"
                        },
                        "tainted": false
                    },
                    "deposed": [],
                    "provider": "provider.aws"
                },
                "aws_security_group.bastionhost": {
                    "type": "aws_security_group",
                    "depends_on": [
                        "aws_vpc.default"
                    ],
                    "primary": {
                        "id": "sg-ee966191",
                        "attributes": {
                            "description": "bastion host",
                            "egress.#": "1",
                            "egress.482069346.cidr_blocks.#": "1",
                            "egress.482069346.cidr_blocks.0": "0.0.0.0/0",
                            "egress.482069346.description": "",
                            "egress.482069346.from_port": "0",
                            "egress.482069346.ipv6_cidr_blocks.#": "0",
                            "egress.482069346.prefix_list_ids.#": "0",
                            "egress.482069346.protocol": "-1",
                            "egress.482069346.security_groups.#": "0",
                            "egress.482069346.self": "false",
                            "egress.482069346.to_port": "0",
                            "id": "sg-ee966191",
                            "ingress.#": "2",
                            "ingress.2541437006.cidr_blocks.#": "1",
                            "ingress.2541437006.cidr_blocks.0": "0.0.0.0/0",
                            "ingress.2541437006.description": "",
                            "ingress.2541437006.from_port": "22",
                            "ingress.2541437006.ipv6_cidr_blocks.#": "0",
                            "ingress.2541437006.protocol": "tcp",
                            "ingress.2541437006.security_groups.#": "0",
                            "ingress.2541437006.self": "false",
                            "ingress.2541437006.to_port": "22",
                            "ingress.3068409405.cidr_blocks.#": "1",
                            "ingress.3068409405.cidr_blocks.0": "0.0.0.0/0",
                            "ingress.3068409405.description": "",
                            "ingress.3068409405.from_port": "8",
                            "ingress.3068409405.ipv6_cidr_blocks.#": "0",
                            "ingress.3068409405.protocol": "icmp",
                            "ingress.3068409405.security_groups.#": "0",
                            "ingress.3068409405.self": "false",
                            "ingress.3068409405.to_port": "0",
                            "name": "bastion",
                            "owner_id": "658733679247",
                            "revoke_rules_on_delete": "false",
                            "tags.%": "2",
                            "tags.Name": "BastionHost",
                            "tags.env": "PROD",
                            "vpc_id": "vpc-f85cf081"
                        },
                        "meta": {
                            "schema_version": "1"
                        },
                        "tainted": false
                    },
                    "deposed": [],
                    "provider": "provider.aws"
                },
                "aws_subnet.default": {
                    "type": "aws_subnet",
                    "depends_on": [
                        "aws_vpc.default"
                    ],
                    "primary": {
                        "id": "subnet-c5f3229f",
                        "attributes": {
                            "assign_ipv6_address_on_creation": "false",
                            "availability_zone": "us-west-2c",
                            "cidr_block": "10.192.1.0/24",
                            "id": "subnet-c5f3229f",
                            "map_public_ip_on_launch": "true",
                            "tags.%": "2",
                            "tags.Name": "Default Subnet",
                            "tags.env": "PROD",
                            "vpc_id": "vpc-f85cf081"
                        },
                        "meta": {
                            "schema_version": "1"
                        },
                        "tainted": false
                    },
                    "deposed": [],
                    "provider": "provider.aws"
                },
                "aws_vpc.default": {
                    "type": "aws_vpc",
                    "depends_on": [],
                    "primary": {
                        "id": "vpc-f85cf081",
                        "attributes": {
                            "assign_generated_ipv6_cidr_block": "false",
                            "cidr_block": "10.192.0.0/16",
                            "default_network_acl_id": "acl-b25671cb",
                            "default_route_table_id": "rtb-312cef49",
                            "default_security_group_id": "sg-df9265a0",
                            "dhcp_options_id": "dopt-d55ab5b2",
                            "enable_classiclink": "false",
                            "enable_classiclink_dns_support": "false",
                            "enable_dns_hostnames": "false",
                            "enable_dns_support": "true",
                            "id": "vpc-f85cf081",
                            "instance_tenancy": "default",
                            "main_route_table_id": "rtb-312cef49",
                            "tags.%": "2",
                            "tags.Name": "Default VPC",
                            "tags.env": "PROD"
                        },
                        "meta": {
                            "schema_version": "1"
                        },
                        "tainted": false
                    },
                    "deposed": [],
                    "provider": "provider.aws"
                },
                "data.aws_ami.base": {
                    "type": "aws_ami",
                    "depends_on": [],
                    "primary": {
                        "id": "ami-a042f4d8",
                        "attributes": {
                            "architecture": "x86_64",
                            "block_device_mappings.#": "1",
                            "block_device_mappings.1671611489.device_name": "/dev/sda1",
                            "block_device_mappings.1671611489.ebs.%": "6",
                            "block_device_mappings.1671611489.ebs.delete_on_termination": "false",
                            "block_device_mappings.1671611489.ebs.encrypted": "false",
                            "block_device_mappings.1671611489.ebs.iops": "0",
                            "block_device_mappings.1671611489.ebs.snapshot_id": "snap-093b205c6bb2c6be2",
                            "block_device_mappings.1671611489.ebs.volume_size": "8",
                            "block_device_mappings.1671611489.ebs.volume_type": "standard",
                            "block_device_mappings.1671611489.no_device": "",
                            "block_device_mappings.1671611489.virtual_name": "",
                            "creation_date": "2018-01-12T20:44:59.000Z",
                            "description": "CentOS Linux 7 x86_64 HVM EBS 1801_01",
                            "filter.#": "3",
                            "filter.1281954306.name": "root-device-type",
                            "filter.1281954306.values.#": "1",
                            "filter.1281954306.values.0": "ebs",
                            "filter.1512677012.name": "product-code",
                            "filter.1512677012.values.#": "1",
                            "filter.1512677012.values.0": "aw0evgkw8e5c1q413zgy5pjce",
                            "filter.3386043752.name": "architecture",
                            "filter.3386043752.values.#": "1",
                            "filter.3386043752.values.0": "x86_64",
                            "hypervisor": "xen",
                            "id": "ami-a042f4d8",
                            "image_id": "ami-a042f4d8",
                            "image_location": "aws-marketplace/CentOS Linux 7 x86_64 HVM EBS 1801_01-b7ee8a69-ee97-4a49-9e68-afaee216db2e-ami-0a537770.4",
                            "image_owner_alias": "aws-marketplace",
                            "image_type": "machine",
                            "most_recent": "true",
                            "name": "CentOS Linux 7 x86_64 HVM EBS 1801_01-b7ee8a69-ee97-4a49-9e68-afaee216db2e-ami-0a537770.4",
                            "owner_id": "679593333241",
                            "owners.#": "1",
                            "owners.0": "679593333241",
                            "product_codes.#": "1",
                            "product_codes.347650389.product_code_id": "aw0evgkw8e5c1q413zgy5pjce",
                            "product_codes.347650389.product_code_type": "marketplace",
                            "public": "true",
                            "root_device_name": "/dev/sda1",
                            "root_device_type": "ebs",
                            "root_snapshot_id": "snap-093b205c6bb2c6be2",
                            "state": "available",
                            "state_reason.%": "2",
                            "state_reason.code": "UNSET",
                            "state_reason.message": "UNSET",
                            "tags.%": "0",
                            "virtualization_type": "hvm"
                        },
                        "meta": {},
                        "tainted": false
                    },
                    "deposed": [],
                    "provider": "provider.aws"
                }
            },
            "depends_on": []
        }
    ]
}
